<?xml version="1.0" encoding="utf-8"?>
<Project ToolsVersion="4.0" xmlns="http://schemas.microsoft.com/developer/msbuild/2003">
  <ItemGroup>
    <ClCompile Include="pch.cpp" />
    <ClCompile Include="mesh_definition_tetrahedron_test.cpp">
      <Filter>mesh</Filter>
    </ClCompile>
    <ClCompile Include="mesh_definition_octahedron_test.cpp">
      <Filter>mesh</Filter>
    </ClCompile>
  </ItemGroup>
  <ItemGroup>
    <ClInclude Include="pch.h" />
  </ItemGroup>
  <ItemGroup>
    <Filter Include="mesh">
      <UniqueIdentifier>{9d6be42e-a04f-4914-8605-fb4ed3e91370}</UniqueIdentifier>
    </Filter>
  </ItemGroup>
</Project>