
Microsoft Visual Studio Solution File, Format Version 12.00
# Visual Studio Version 17
VisualStudioVersion = 17.0.32014.148
MinimumVisualStudioVersion = 10.0.40219.1
Project("{8BC9CEB8-8B4A-11D0-8D11-00A0C91BC942}") = "draw_library_scenes", "draw_library_scenes\draw_library_scenes.vcxproj", "{1B15D0AF-5D95-4EE7-990E-AA2B8B507D1E}"
	ProjectSection(ProjectDependencies) = postProject
		{664E6F0D-6784-4760-9565-D54F8EB1EDF4} = {664E6F0D-6784-4760-9565-D54F8EB1EDF4}
		{287C92C5-1D7E-4214-8DB9-39C6F645087C} = {287C92C5-1D7E-4214-8DB9-39C6F645087C}
	EndProjectSection
EndProject
Project("{8BC9CEB8-8B4A-11D0-8D11-00A0C91BC942}") = "rubiks_cube_glfw", "rubiks_cube_glfw\rubiks_cube_glfw.vcxproj", "{1CD77B47-8D77-4A60-B744-7CB8446DD94B}"
EndProject
Project("{8BC9CEB8-8B4A-11D0-8D11-00A0C91BC942}") = "line_render", "line_render\line_render.vcxproj", "{82274D6C-87E3-4438-9EFB-50FF405A2879}"
EndProject
Project("{8BC9CEB8-8B4A-11D0-8D11-00A0C91BC942}") = "polygon_render", "polygon_render\polygon_render.vcxproj", "{48B628FC-BCC8-401C-8932-4B70DDF601CC}"
EndProject
Project("{8BC9CEB8-8B4A-11D0-8D11-00A0C91BC942}") = "draw_library", "draw_library\draw_library.vcxproj", "{287C92C5-1D7E-4214-8DB9-39C6F645087C}"
EndProject
Project("{8BC9CEB8-8B4A-11D0-8D11-00A0C91BC942}") = "simple_glsl_subroutine", "simple_glsl_subroutine\simple_glsl_subroutine.vcxproj", "{0152155C-1E05-44DD-A736-16DB83EDE18A}"
EndProject
Project("{8BC9CEB8-8B4A-11D0-8D11-00A0C91BC942}") = "glew_static_v19", "glew\build\vc12\glew_static_v19.vcxproj", "{664E6F0D-6784-4760-9565-D54F8EB1EDF4}"
EndProject
Global
	GlobalSection(SolutionConfigurationPlatforms) = preSolution
		Debug|x64 = Debug|x64
		Debug|x86 = Debug|x86
		Release|x64 = Release|x64
		Release|x86 = Release|x86
	EndGlobalSection
	GlobalSection(ProjectConfigurationPlatforms) = postSolution
		{1B15D0AF-5D95-4EE7-990E-AA2B8B507D1E}.Debug|x64.ActiveCfg = Debug|x64
		{1B15D0AF-5D95-4EE7-990E-AA2B8B507D1E}.Debug|x64.Build.0 = Debug|x64
		{1B15D0AF-5D95-4EE7-990E-AA2B8B507D1E}.Debug|x86.ActiveCfg = Debug|Win32
		{1B15D0AF-5D95-4EE7-990E-AA2B8B507D1E}.Debug|x86.Build.0 = Debug|Win32
		{1B15D0AF-5D95-4EE7-990E-AA2B8B507D1E}.Release|x64.ActiveCfg = Release|x64
		{1B15D0AF-5D95-4EE7-990E-AA2B8B507D1E}.Release|x64.Build.0 = Release|x64
		{1B15D0AF-5D95-4EE7-990E-AA2B8B507D1E}.Release|x86.ActiveCfg = Release|Win32
		{1B15D0AF-5D95-4EE7-990E-AA2B8B507D1E}.Release|x86.Build.0 = Release|Win32
		{1CD77B47-8D77-4A60-B744-7CB8446DD94B}.Debug|x64.ActiveCfg = Debug|x64
		{1CD77B47-8D77-4A60-B744-7CB8446DD94B}.Debug|x64.Build.0 = Debug|x64
		{1CD77B47-8D77-4A60-B744-7CB8446DD94B}.Debug|x86.ActiveCfg = Debug|Win32
		{1CD77B47-8D77-4A60-B744-7CB8446DD94B}.Debug|x86.Build.0 = Debug|Win32
		{1CD77B47-8D77-4A60-B744-7CB8446DD94B}.Release|x64.ActiveCfg = Release|x64
		{1CD77B47-8D77-4A60-B744-7CB8446DD94B}.Release|x64.Build.0 = Release|x64
		{1CD77B47-8D77-4A60-B744-7CB8446DD94B}.Release|x86.ActiveCfg = Release|Win32
		{1CD77B47-8D77-4A60-B744-7CB8446DD94B}.Release|x86.Build.0 = Release|Win32
		{82274D6C-87E3-4438-9EFB-50FF405A2879}.Debug|x64.ActiveCfg = Debug|x64
		{82274D6C-87E3-4438-9EFB-50FF405A2879}.Debug|x64.Build.0 = Debug|x64
		{82274D6C-87E3-4438-9EFB-50FF405A2879}.Debug|x86.ActiveCfg = Debug|Win32
		{82274D6C-87E3-4438-9EFB-50FF405A2879}.Debug|x86.Build.0 = Debug|Win32
		{82274D6C-87E3-4438-9EFB-50FF405A2879}.Release|x64.ActiveCfg = Release|x64
		{82274D6C-87E3-4438-9EFB-50FF405A2879}.Release|x64.Build.0 = Release|x64
		{82274D6C-87E3-4438-9EFB-50FF405A2879}.Release|x86.ActiveCfg = Release|Win32
		{82274D6C-87E3-4438-9EFB-50FF405A2879}.Release|x86.Build.0 = Release|Win32
		{48B628FC-BCC8-401C-8932-4B70DDF601CC}.Debug|x64.ActiveCfg = Debug|x64
		{48B628FC-BCC8-401C-8932-4B70DDF601CC}.Debug|x64.Build.0 = Debug|x64
		{48B628FC-BCC8-401C-8932-4B70DDF601CC}.Debug|x86.ActiveCfg = Debug|Win32
		{48B628FC-BCC8-401C-8932-4B70DDF601CC}.Debug|x86.Build.0 = Debug|Win32
		{48B628FC-BCC8-401C-8932-4B70DDF601CC}.Release|x64.ActiveCfg = Release|x64
		{48B628FC-BCC8-401C-8932-4B70DDF601CC}.Release|x64.Build.0 = Release|x64
		{48B628FC-BCC8-401C-8932-4B70DDF601CC}.Release|x86.ActiveCfg = Release|Win32
		{48B628FC-BCC8-401C-8932-4B70DDF601CC}.Release|x86.Build.0 = Release|Win32
		{287C92C5-1D7E-4214-8DB9-39C6F645087C}.Debug|x64.ActiveCfg = Debug|x64
		{287C92C5-1D7E-4214-8DB9-39C6F645087C}.Debug|x64.Build.0 = Debug|x64
		{287C92C5-1D7E-4214-8DB9-39C6F645087C}.Debug|x86.ActiveCfg = Debug|Win32
		{287C92C5-1D7E-4214-8DB9-39C6F645087C}.Debug|x86.Build.0 = Debug|Win32
		{287C92C5-1D7E-4214-8DB9-39C6F645087C}.Release|x64.ActiveCfg = Release|x64
		{287C92C5-1D7E-4214-8DB9-39C6F645087C}.Release|x64.Build.0 = Release|x64
		{287C92C5-1D7E-4214-8DB9-39C6F645087C}.Release|x86.ActiveCfg = Release|Win32
		{287C92C5-1D7E-4214-8DB9-39C6F645087C}.Release|x86.Build.0 = Release|Win32
		{0152155C-1E05-44DD-A736-16DB83EDE18A}.Debug|x64.ActiveCfg = Debug|x64
		{0152155C-1E05-44DD-A736-16DB83EDE18A}.Debug|x64.Build.0 = Debug|x64
		{0152155C-1E05-44DD-A736-16DB83EDE18A}.Debug|x86.ActiveCfg = Debug|Win32
		{0152155C-1E05-44DD-A736-16DB83EDE18A}.Debug|x86.Build.0 = Debug|Win32
		{0152155C-1E05-44DD-A736-16DB83EDE18A}.Release|x64.ActiveCfg = Release|x64
		{0152155C-1E05-44DD-A736-16DB83EDE18A}.Release|x64.Build.0 = Release|x64
		{0152155C-1E05-44DD-A736-16DB83EDE18A}.Release|x86.ActiveCfg = Release|Win32
		{0152155C-1E05-44DD-A736-16DB83EDE18A}.Release|x86.Build.0 = Release|Win32
		{664E6F0D-6784-4760-9565-D54F8EB1EDF4}.Debug|x64.ActiveCfg = Debug|x64
		{664E6F0D-6784-4760-9565-D54F8EB1EDF4}.Debug|x64.Build.0 = Debug|x64
		{664E6F0D-6784-4760-9565-D54F8EB1EDF4}.Debug|x86.ActiveCfg = Debug|Win32
		{664E6F0D-6784-4760-9565-D54F8EB1EDF4}.Debug|x86.Build.0 = Debug|Win32
		{664E6F0D-6784-4760-9565-D54F8EB1EDF4}.Release|x64.ActiveCfg = Release|x64
		{664E6F0D-6784-4760-9565-D54F8EB1EDF4}.Release|x64.Build.0 = Release|x64
		{664E6F0D-6784-4760-9565-D54F8EB1EDF4}.Release|x86.ActiveCfg = Release|Win32
		{664E6F0D-6784-4760-9565-D54F8EB1EDF4}.Release|x86.Build.0 = Release|Win32
	EndGlobalSection
	GlobalSection(SolutionProperties) = preSolution
		HideSolutionNode = FALSE
	EndGlobalSection
	GlobalSection(ExtensibilityGlobals) = postSolution
		SolutionGuid = {30F0BF9E-6717-4B7D-8D67-1FACA2A357CC}
	EndGlobalSection
	GlobalSection(Performance) = preSolution
		HasPerformanceSessions = true
	EndGlobalSection
	GlobalSection(Performance) = preSolution
		HasPerformanceSessions = true
	EndGlobalSection
	GlobalSection(Performance) = preSolution
		HasPerformanceSessions = true
	EndGlobalSection
	GlobalSection(Performance) = preSolution
		HasPerformanceSessions = true
	EndGlobalSection
EndGlobal
