
Microsoft Visual Studio Solution File, Format Version 12.00
# Visual Studio 15
VisualStudioVersion = 15.0.27428.1
MinimumVisualStudioVersion = 10.0.40219.1
Project("{8BC9CEB8-8B4A-11D0-8D11-00A0C91BC942}") = "simple_glut", "simple_glut\simple_glut.vcxproj", "{DB405177-E635-479B-83EC-FAEA4B4BD453}"
	ProjectSection(ProjectDependencies) = postProject
		{664E6F0D-6784-4760-9565-D54F8EB1EDF4} = {664E6F0D-6784-4760-9565-D54F8EB1EDF4}
	EndProjectSection
EndProject
Project("{8BC9CEB8-8B4A-11D0-8D11-00A0C91BC942}") = "glew_static_v17", "glew\build\vc12\glew_static_v17.vcxproj", "{664E6F0D-6784-4760-9565-D54F8EB1EDF4}"
EndProject
Project("{8BC9CEB8-8B4A-11D0-8D11-00A0C91BC942}") = "simple_glfw", "simple_glfw\simple_glfw.vcxproj", "{A76F6F1B-2C7D-4E99-A7A4-F772601EF293}"
EndProject
Project("{8BC9CEB8-8B4A-11D0-8D11-00A0C91BC942}") = "transform_feedback_simple", "transform_feedback_simple\transform_feedback_simple.vcxproj", "{1A8FB3CC-D772-426D-A70E-1A6680484CAD}"
EndProject
Project("{8BC9CEB8-8B4A-11D0-8D11-00A0C91BC942}") = "fixed_function_pipeline_matrix_stack", "fixed_function_pipeline_matrix_stack\fixed_function_pipeline_matrix_stack.vcxproj", "{D58700A2-DE4F-4B37-A841-1C72A8A2A363}"
EndProject
Global
	GlobalSection(SolutionConfigurationPlatforms) = preSolution
		Debug|x64 = Debug|x64
		Debug|x86 = Debug|x86
		Release|x64 = Release|x64
		Release|x86 = Release|x86
	EndGlobalSection
	GlobalSection(ProjectConfigurationPlatforms) = postSolution
		{DB405177-E635-479B-83EC-FAEA4B4BD453}.Debug|x64.ActiveCfg = Debug|x64
		{DB405177-E635-479B-83EC-FAEA4B4BD453}.Debug|x64.Build.0 = Debug|x64
		{DB405177-E635-479B-83EC-FAEA4B4BD453}.Debug|x86.ActiveCfg = Debug|Win32
		{DB405177-E635-479B-83EC-FAEA4B4BD453}.Debug|x86.Build.0 = Debug|Win32
		{DB405177-E635-479B-83EC-FAEA4B4BD453}.Release|x64.ActiveCfg = Release|x64
		{DB405177-E635-479B-83EC-FAEA4B4BD453}.Release|x64.Build.0 = Release|x64
		{DB405177-E635-479B-83EC-FAEA4B4BD453}.Release|x86.ActiveCfg = Release|Win32
		{DB405177-E635-479B-83EC-FAEA4B4BD453}.Release|x86.Build.0 = Release|Win32
		{664E6F0D-6784-4760-9565-D54F8EB1EDF4}.Debug|x64.ActiveCfg = Debug|x64
		{664E6F0D-6784-4760-9565-D54F8EB1EDF4}.Debug|x64.Build.0 = Debug|x64
		{664E6F0D-6784-4760-9565-D54F8EB1EDF4}.Debug|x86.ActiveCfg = Debug|Win32
		{664E6F0D-6784-4760-9565-D54F8EB1EDF4}.Debug|x86.Build.0 = Debug|Win32
		{664E6F0D-6784-4760-9565-D54F8EB1EDF4}.Release|x64.ActiveCfg = Release|x64
		{664E6F0D-6784-4760-9565-D54F8EB1EDF4}.Release|x64.Build.0 = Release|x64
		{664E6F0D-6784-4760-9565-D54F8EB1EDF4}.Release|x86.ActiveCfg = Release|Win32
		{664E6F0D-6784-4760-9565-D54F8EB1EDF4}.Release|x86.Build.0 = Release|Win32
		{A76F6F1B-2C7D-4E99-A7A4-F772601EF293}.Debug|x64.ActiveCfg = Debug|x64
		{A76F6F1B-2C7D-4E99-A7A4-F772601EF293}.Debug|x64.Build.0 = Debug|x64
		{A76F6F1B-2C7D-4E99-A7A4-F772601EF293}.Debug|x86.ActiveCfg = Debug|Win32
		{A76F6F1B-2C7D-4E99-A7A4-F772601EF293}.Debug|x86.Build.0 = Debug|Win32
		{A76F6F1B-2C7D-4E99-A7A4-F772601EF293}.Release|x64.ActiveCfg = Release|x64
		{A76F6F1B-2C7D-4E99-A7A4-F772601EF293}.Release|x64.Build.0 = Release|x64
		{A76F6F1B-2C7D-4E99-A7A4-F772601EF293}.Release|x86.ActiveCfg = Release|Win32
		{A76F6F1B-2C7D-4E99-A7A4-F772601EF293}.Release|x86.Build.0 = Release|Win32
		{1A8FB3CC-D772-426D-A70E-1A6680484CAD}.Debug|x64.ActiveCfg = Debug|x64
		{1A8FB3CC-D772-426D-A70E-1A6680484CAD}.Debug|x64.Build.0 = Debug|x64
		{1A8FB3CC-D772-426D-A70E-1A6680484CAD}.Debug|x86.ActiveCfg = Debug|Win32
		{1A8FB3CC-D772-426D-A70E-1A6680484CAD}.Debug|x86.Build.0 = Debug|Win32
		{1A8FB3CC-D772-426D-A70E-1A6680484CAD}.Release|x64.ActiveCfg = Release|x64
		{1A8FB3CC-D772-426D-A70E-1A6680484CAD}.Release|x64.Build.0 = Release|x64
		{1A8FB3CC-D772-426D-A70E-1A6680484CAD}.Release|x86.ActiveCfg = Release|Win32
		{1A8FB3CC-D772-426D-A70E-1A6680484CAD}.Release|x86.Build.0 = Release|Win32
		{D58700A2-DE4F-4B37-A841-1C72A8A2A363}.Debug|x64.ActiveCfg = Debug|x64
		{D58700A2-DE4F-4B37-A841-1C72A8A2A363}.Debug|x64.Build.0 = Debug|x64
		{D58700A2-DE4F-4B37-A841-1C72A8A2A363}.Debug|x86.ActiveCfg = Debug|Win32
		{D58700A2-DE4F-4B37-A841-1C72A8A2A363}.Debug|x86.Build.0 = Debug|Win32
		{D58700A2-DE4F-4B37-A841-1C72A8A2A363}.Release|x64.ActiveCfg = Release|x64
		{D58700A2-DE4F-4B37-A841-1C72A8A2A363}.Release|x64.Build.0 = Release|x64
		{D58700A2-DE4F-4B37-A841-1C72A8A2A363}.Release|x86.ActiveCfg = Release|Win32
		{D58700A2-DE4F-4B37-A841-1C72A8A2A363}.Release|x86.Build.0 = Release|Win32
	EndGlobalSection
	GlobalSection(SolutionProperties) = preSolution
		HideSolutionNode = FALSE
	EndGlobalSection
	GlobalSection(ExtensibilityGlobals) = postSolution
		SolutionGuid = {30F0BF9E-6717-4B7D-8D67-1FACA2A357CC}
	EndGlobalSection
EndGlobal
