
Microsoft Visual Studio Solution File, Format Version 12.00
# Visual Studio 15
VisualStudioVersion = 15.0.27428.1
MinimumVisualStudioVersion = 10.0.40219.1
Project("{8BC9CEB8-8B4A-11D0-8D11-00A0C91BC942}") = "simple_glut", "simple_glut\simple_glut.vcxproj", "{DB405177-E635-479B-83EC-FAEA4B4BD453}"
	ProjectSection(ProjectDependencies) = postProject
		{664E6F0D-6784-4760-9565-D54F8EB1EDF4} = {664E6F0D-6784-4760-9565-D54F8EB1EDF4}
	EndProjectSection
EndProject
Project("{8BC9CEB8-8B4A-11D0-8D11-00A0C91BC942}") = "glew_static_v17", "glew\build\vc12\glew_static_v17.vcxproj", "{664E6F0D-6784-4760-9565-D54F8EB1EDF4}"
EndProject
Project("{8BC9CEB8-8B4A-11D0-8D11-00A0C91BC942}") = "simple_glfw", "simple_glfw\simple_glfw.vcxproj", "{A76F6F1B-2C7D-4E99-A7A4-F772601EF293}"
EndProject
Project("{8BC9CEB8-8B4A-11D0-8D11-00A0C91BC942}") = "transform_feedback_simple", "transform_feedback_simple\transform_feedback_simple.vcxproj", "{1A8FB3CC-D772-426D-A70E-1A6680484CAD}"
EndProject
Project("{8BC9CEB8-8B4A-11D0-8D11-00A0C91BC942}") = "fixed_function_pipeline_matrix_stack", "fixed_function_pipeline_matrix_stack\fixed_function_pipeline_matrix_stack.vcxproj", "{D58700A2-DE4F-4B37-A841-1C72A8A2A363}"
EndProject
Project("{8BC9CEB8-8B4A-11D0-8D11-00A0C91BC942}") = "draw_library", "draw_library\draw_library.vcxproj", "{287C92C5-1D7E-4214-8DB9-39C6F645087C}"
EndProject
Project("{8BC9CEB8-8B4A-11D0-8D11-00A0C91BC942}") = "draw_library_scenes", "draw_library_scenes\draw_library_scenes.vcxproj", "{1B15D0AF-5D95-4EE7-990E-AA2B8B507D1E}"
	ProjectSection(ProjectDependencies) = postProject
		{664E6F0D-6784-4760-9565-D54F8EB1EDF4} = {664E6F0D-6784-4760-9565-D54F8EB1EDF4}
		{287C92C5-1D7E-4214-8DB9-39C6F645087C} = {287C92C5-1D7E-4214-8DB9-39C6F645087C}
	EndProjectSection
EndProject
Project("{8BC9CEB8-8B4A-11D0-8D11-00A0C91BC942}") = "example_map_generator", "example_map_generator\example_map_generator.vcxproj", "{E50E95FE-9805-4099-85E0-FB048A60D863}"
EndProject
Project("{8BC9CEB8-8B4A-11D0-8D11-00A0C91BC942}") = "cone_step_map_generator", "cone_step_map_generator\cone_step_map_generator.vcxproj", "{2569C8B9-9C7A-4A83-B0E0-508E2ACCFEC9}"
EndProject
Project("{8BC9CEB8-8B4A-11D0-8D11-00A0C91BC942}") = "compute_example_1", "compute_example_1\compute_example_1.vcxproj", "{AC50D966-DB03-40B2-9E1A-B3C45CCA00D3}"
EndProject
Project("{2150E333-8FDC-42A3-9474-1A3956D46DE8}") = "Solution Items", "Solution Items", "{686548B1-8567-437D-9B7F-4EE65324ED8C}"
	ProjectSection(SolutionItems) = preProject
		Performance1.psess = Performance1.psess
		Performance2.psess = Performance2.psess
		Performance3.psess = Performance3.psess
	EndProjectSection
EndProject
Global
	GlobalSection(Performance) = preSolution
		HasPerformanceSessions = true
	EndGlobalSection
	GlobalSection(SolutionConfigurationPlatforms) = preSolution
		Debug|x64 = Debug|x64
		Debug|x86 = Debug|x86
		Release|x64 = Release|x64
		Release|x86 = Release|x86
	EndGlobalSection
	GlobalSection(ProjectConfigurationPlatforms) = postSolution
		{DB405177-E635-479B-83EC-FAEA4B4BD453}.Debug|x64.ActiveCfg = Debug|x64
		{DB405177-E635-479B-83EC-FAEA4B4BD453}.Debug|x64.Build.0 = Debug|x64
		{DB405177-E635-479B-83EC-FAEA4B4BD453}.Debug|x86.ActiveCfg = Debug|Win32
		{DB405177-E635-479B-83EC-FAEA4B4BD453}.Debug|x86.Build.0 = Debug|Win32
		{DB405177-E635-479B-83EC-FAEA4B4BD453}.Release|x64.ActiveCfg = Release|x64
		{DB405177-E635-479B-83EC-FAEA4B4BD453}.Release|x64.Build.0 = Release|x64
		{DB405177-E635-479B-83EC-FAEA4B4BD453}.Release|x86.ActiveCfg = Release|Win32
		{DB405177-E635-479B-83EC-FAEA4B4BD453}.Release|x86.Build.0 = Release|Win32
		{664E6F0D-6784-4760-9565-D54F8EB1EDF4}.Debug|x64.ActiveCfg = Debug|x64
		{664E6F0D-6784-4760-9565-D54F8EB1EDF4}.Debug|x64.Build.0 = Debug|x64
		{664E6F0D-6784-4760-9565-D54F8EB1EDF4}.Debug|x86.ActiveCfg = Debug|Win32
		{664E6F0D-6784-4760-9565-D54F8EB1EDF4}.Debug|x86.Build.0 = Debug|Win32
		{664E6F0D-6784-4760-9565-D54F8EB1EDF4}.Release|x64.ActiveCfg = Release|x64
		{664E6F0D-6784-4760-9565-D54F8EB1EDF4}.Release|x64.Build.0 = Release|x64
		{664E6F0D-6784-4760-9565-D54F8EB1EDF4}.Release|x86.ActiveCfg = Release|Win32
		{664E6F0D-6784-4760-9565-D54F8EB1EDF4}.Release|x86.Build.0 = Release|Win32
		{A76F6F1B-2C7D-4E99-A7A4-F772601EF293}.Debug|x64.ActiveCfg = Debug|x64
		{A76F6F1B-2C7D-4E99-A7A4-F772601EF293}.Debug|x64.Build.0 = Debug|x64
		{A76F6F1B-2C7D-4E99-A7A4-F772601EF293}.Debug|x86.ActiveCfg = Debug|Win32
		{A76F6F1B-2C7D-4E99-A7A4-F772601EF293}.Debug|x86.Build.0 = Debug|Win32
		{A76F6F1B-2C7D-4E99-A7A4-F772601EF293}.Release|x64.ActiveCfg = Release|x64
		{A76F6F1B-2C7D-4E99-A7A4-F772601EF293}.Release|x64.Build.0 = Release|x64
		{A76F6F1B-2C7D-4E99-A7A4-F772601EF293}.Release|x86.ActiveCfg = Release|Win32
		{A76F6F1B-2C7D-4E99-A7A4-F772601EF293}.Release|x86.Build.0 = Release|Win32
		{1A8FB3CC-D772-426D-A70E-1A6680484CAD}.Debug|x64.ActiveCfg = Debug|x64
		{1A8FB3CC-D772-426D-A70E-1A6680484CAD}.Debug|x64.Build.0 = Debug|x64
		{1A8FB3CC-D772-426D-A70E-1A6680484CAD}.Debug|x86.ActiveCfg = Debug|Win32
		{1A8FB3CC-D772-426D-A70E-1A6680484CAD}.Debug|x86.Build.0 = Debug|Win32
		{1A8FB3CC-D772-426D-A70E-1A6680484CAD}.Release|x64.ActiveCfg = Release|x64
		{1A8FB3CC-D772-426D-A70E-1A6680484CAD}.Release|x64.Build.0 = Release|x64
		{1A8FB3CC-D772-426D-A70E-1A6680484CAD}.Release|x86.ActiveCfg = Release|Win32
		{1A8FB3CC-D772-426D-A70E-1A6680484CAD}.Release|x86.Build.0 = Release|Win32
		{D58700A2-DE4F-4B37-A841-1C72A8A2A363}.Debug|x64.ActiveCfg = Debug|x64
		{D58700A2-DE4F-4B37-A841-1C72A8A2A363}.Debug|x64.Build.0 = Debug|x64
		{D58700A2-DE4F-4B37-A841-1C72A8A2A363}.Debug|x86.ActiveCfg = Debug|Win32
		{D58700A2-DE4F-4B37-A841-1C72A8A2A363}.Debug|x86.Build.0 = Debug|Win32
		{D58700A2-DE4F-4B37-A841-1C72A8A2A363}.Release|x64.ActiveCfg = Release|x64
		{D58700A2-DE4F-4B37-A841-1C72A8A2A363}.Release|x64.Build.0 = Release|x64
		{D58700A2-DE4F-4B37-A841-1C72A8A2A363}.Release|x86.ActiveCfg = Release|Win32
		{D58700A2-DE4F-4B37-A841-1C72A8A2A363}.Release|x86.Build.0 = Release|Win32
		{287C92C5-1D7E-4214-8DB9-39C6F645087C}.Debug|x64.ActiveCfg = Debug|x64
		{287C92C5-1D7E-4214-8DB9-39C6F645087C}.Debug|x64.Build.0 = Debug|x64
		{287C92C5-1D7E-4214-8DB9-39C6F645087C}.Debug|x86.ActiveCfg = Debug|Win32
		{287C92C5-1D7E-4214-8DB9-39C6F645087C}.Debug|x86.Build.0 = Debug|Win32
		{287C92C5-1D7E-4214-8DB9-39C6F645087C}.Release|x64.ActiveCfg = Release|x64
		{287C92C5-1D7E-4214-8DB9-39C6F645087C}.Release|x64.Build.0 = Release|x64
		{287C92C5-1D7E-4214-8DB9-39C6F645087C}.Release|x86.ActiveCfg = Release|Win32
		{287C92C5-1D7E-4214-8DB9-39C6F645087C}.Release|x86.Build.0 = Release|Win32
		{1B15D0AF-5D95-4EE7-990E-AA2B8B507D1E}.Debug|x64.ActiveCfg = Debug|x64
		{1B15D0AF-5D95-4EE7-990E-AA2B8B507D1E}.Debug|x64.Build.0 = Debug|x64
		{1B15D0AF-5D95-4EE7-990E-AA2B8B507D1E}.Debug|x86.ActiveCfg = Debug|Win32
		{1B15D0AF-5D95-4EE7-990E-AA2B8B507D1E}.Debug|x86.Build.0 = Debug|Win32
		{1B15D0AF-5D95-4EE7-990E-AA2B8B507D1E}.Release|x64.ActiveCfg = Release|x64
		{1B15D0AF-5D95-4EE7-990E-AA2B8B507D1E}.Release|x64.Build.0 = Release|x64
		{1B15D0AF-5D95-4EE7-990E-AA2B8B507D1E}.Release|x86.ActiveCfg = Release|Win32
		{1B15D0AF-5D95-4EE7-990E-AA2B8B507D1E}.Release|x86.Build.0 = Release|Win32
		{E50E95FE-9805-4099-85E0-FB048A60D863}.Debug|x64.ActiveCfg = Debug|x64
		{E50E95FE-9805-4099-85E0-FB048A60D863}.Debug|x64.Build.0 = Debug|x64
		{E50E95FE-9805-4099-85E0-FB048A60D863}.Debug|x86.ActiveCfg = Debug|Win32
		{E50E95FE-9805-4099-85E0-FB048A60D863}.Debug|x86.Build.0 = Debug|Win32
		{E50E95FE-9805-4099-85E0-FB048A60D863}.Release|x64.ActiveCfg = Release|x64
		{E50E95FE-9805-4099-85E0-FB048A60D863}.Release|x64.Build.0 = Release|x64
		{E50E95FE-9805-4099-85E0-FB048A60D863}.Release|x86.ActiveCfg = Release|Win32
		{E50E95FE-9805-4099-85E0-FB048A60D863}.Release|x86.Build.0 = Release|Win32
		{2569C8B9-9C7A-4A83-B0E0-508E2ACCFEC9}.Debug|x64.ActiveCfg = Debug|x64
		{2569C8B9-9C7A-4A83-B0E0-508E2ACCFEC9}.Debug|x64.Build.0 = Debug|x64
		{2569C8B9-9C7A-4A83-B0E0-508E2ACCFEC9}.Debug|x86.ActiveCfg = Debug|Win32
		{2569C8B9-9C7A-4A83-B0E0-508E2ACCFEC9}.Debug|x86.Build.0 = Debug|Win32
		{2569C8B9-9C7A-4A83-B0E0-508E2ACCFEC9}.Release|x64.ActiveCfg = Release|x64
		{2569C8B9-9C7A-4A83-B0E0-508E2ACCFEC9}.Release|x64.Build.0 = Release|x64
		{2569C8B9-9C7A-4A83-B0E0-508E2ACCFEC9}.Release|x86.ActiveCfg = Release|Win32
		{2569C8B9-9C7A-4A83-B0E0-508E2ACCFEC9}.Release|x86.Build.0 = Release|Win32
		{AC50D966-DB03-40B2-9E1A-B3C45CCA00D3}.Debug|x64.ActiveCfg = Debug|x64
		{AC50D966-DB03-40B2-9E1A-B3C45CCA00D3}.Debug|x64.Build.0 = Debug|x64
		{AC50D966-DB03-40B2-9E1A-B3C45CCA00D3}.Debug|x86.ActiveCfg = Debug|Win32
		{AC50D966-DB03-40B2-9E1A-B3C45CCA00D3}.Debug|x86.Build.0 = Debug|Win32
		{AC50D966-DB03-40B2-9E1A-B3C45CCA00D3}.Release|x64.ActiveCfg = Release|x64
		{AC50D966-DB03-40B2-9E1A-B3C45CCA00D3}.Release|x64.Build.0 = Release|x64
		{AC50D966-DB03-40B2-9E1A-B3C45CCA00D3}.Release|x86.ActiveCfg = Release|Win32
		{AC50D966-DB03-40B2-9E1A-B3C45CCA00D3}.Release|x86.Build.0 = Release|Win32
	EndGlobalSection
	GlobalSection(SolutionProperties) = preSolution
		HideSolutionNode = FALSE
	EndGlobalSection
	GlobalSection(ExtensibilityGlobals) = postSolution
		SolutionGuid = {30F0BF9E-6717-4B7D-8D67-1FACA2A357CC}
	EndGlobalSection
	GlobalSection(Performance) = preSolution
		HasPerformanceSessions = true
	EndGlobalSection
	GlobalSection(Performance) = preSolution
		HasPerformanceSessions = true
	EndGlobalSection
	GlobalSection(Performance) = preSolution
		HasPerformanceSessions = true
	EndGlobalSection
EndGlobal
