<?xml version="1.0" encoding="utf-8"?>
<Project ToolsVersion="4.0" xmlns="http://schemas.microsoft.com/developer/msbuild/2003">
  <ItemGroup>
    <Filter Include="source">
      <UniqueIdentifier>{d2d8c98b-1838-4cab-a06b-7f1b62702bdc}</UniqueIdentifier>
    </Filter>
    <Filter Include="OpenGL">
      <UniqueIdentifier>{33227e24-8cb6-4233-974d-a8808f569e85}</UniqueIdentifier>
    </Filter>
  </ItemGroup>
  <ItemGroup>
    <ClCompile Include="stdafx.cpp">
      <Filter>source</Filter>
    </ClCompile>
    <ClCompile Include="transform_feedback_simple.cpp">
      <Filter>source</Filter>
    </ClCompile>
    <ClCompile Include="..\source\render\Render_IProgram.cpp">
      <Filter>OpenGL</Filter>
    </ClCompile>
    <ClCompile Include="..\source\OpenGL\OpenGLError.cpp">
      <Filter>OpenGL</Filter>
    </ClCompile>
    <ClCompile Include="..\source\OpenGL\OpenGLProgram.cpp">
      <Filter>OpenGL</Filter>
    </ClCompile>
  </ItemGroup>
  <ItemGroup>
    <ClInclude Include="stdafx.h">
      <Filter>source</Filter>
    </ClInclude>
    <ClInclude Include="targetver.h">
      <Filter>source</Filter>
    </ClInclude>
    <ClInclude Include="..\include\OpenGL\OpenGL_Matrix_Camera.h">
      <Filter>OpenGL</Filter>
    </ClInclude>
    <ClInclude Include="..\include\OpenGL\OpenGL_SimpleShaderProgram.h">
      <Filter>OpenGL</Filter>
    </ClInclude>
    <ClInclude Include="..\include\render\Render_IProgram.h">
      <Filter>OpenGL</Filter>
    </ClInclude>
    <ClInclude Include="..\include\OpenGL\OpenGLError.h">
      <Filter>OpenGL</Filter>
    </ClInclude>
    <ClInclude Include="..\include\OpenGL\OpenGLProgram.h">
      <Filter>OpenGL</Filter>
    </ClInclude>
    <ClInclude Include="..\include\OpenGL\OpenGL_SimpleShaderProgram_temp.h">
      <Filter>OpenGL</Filter>
    </ClInclude>
  </ItemGroup>
</Project>