<?xml version="1.0" encoding="utf-8"?>
<Project ToolsVersion="4.0" xmlns="http://schemas.microsoft.com/developer/msbuild/2003">
  <ItemGroup>
    <ClCompile Include="testmain.cpp" />
    <ClCompile Include="stdafx.cpp" />
    <ClCompile Include="..\source\view\glfw3\glfw3_window.cpp">
      <Filter>view\glfw3</Filter>
    </ClCompile>
    <ClCompile Include="..\source\opengl\opengl_3xx_texture_factory.cpp">
      <Filter>opengl</Filter>
    </ClCompile>
    <ClCompile Include="..\source\opengl\opengl_3xx_perlin_noise.cpp">
      <Filter>opengl</Filter>
    </ClCompile>
  </ItemGroup>
  <ItemGroup>
    <ClInclude Include="..\include\OpenGL\OpenGL_Matrix_Camera.h" />
    <ClInclude Include="..\include\OpenGL\OpenGL_SimpleShaderProgram.h" />
    <ClInclude Include="stdafx.h" />
    <ClInclude Include="targetver.h" />
    <ClInclude Include="..\source\view\iview\view_iview.h">
      <Filter>view\iview</Filter>
    </ClInclude>
    <ClInclude Include="..\source\view\iview\view_iview_types.h">
      <Filter>view\iview</Filter>
    </ClInclude>
    <ClInclude Include="..\source\view\glfw3\glfw3_window.h">
      <Filter>view\glfw3</Filter>
    </ClInclude>
    <ClInclude Include="..\source\utililty\utility_container_types.h">
      <Filter>utilility</Filter>
    </ClInclude>
    <ClInclude Include="..\source\utililty\utility_exception_types.h">
      <Filter>utilility</Filter>
    </ClInclude>
    <ClInclude Include="..\source\utililty\utility_math_functions.h">
      <Filter>utilility</Filter>
    </ClInclude>
    <ClInclude Include="..\source\utililty\utility_noise_perlin.h">
      <Filter>utilility</Filter>
    </ClInclude>
    <ClInclude Include="..\source\utililty\utility_vector_types.h">
      <Filter>utilility</Filter>
    </ClInclude>
    <ClInclude Include="..\source\utililty\utility_random_generators.h">
      <Filter>utilility</Filter>
    </ClInclude>
    <ClInclude Include="..\source\object\object_iobject_types.h">
      <Filter>object</Filter>
    </ClInclude>
    <ClInclude Include="..\source\texture\texture_itexture_types.h">
      <Filter>texture</Filter>
    </ClInclude>
    <ClInclude Include="..\source\opengl\opengl_init_load.h">
      <Filter>opengl</Filter>
    </ClInclude>
    <ClInclude Include="..\source\opengl\opengl_include.h">
      <Filter>opengl</Filter>
    </ClInclude>
    <ClInclude Include="..\source\opengl\opengl_3xx_texture_factory.h">
      <Filter>opengl</Filter>
    </ClInclude>
    <ClInclude Include="..\source\opengl\opengl_3xx_perlin_noise.h">
      <Filter>opengl</Filter>
    </ClInclude>
  </ItemGroup>
  <ItemGroup>
    <Filter Include="view">
      <UniqueIdentifier>{1dee737e-19ad-4698-8826-bf836aa0aef3}</UniqueIdentifier>
    </Filter>
    <Filter Include="view\glfw3">
      <UniqueIdentifier>{17b174ea-f20d-406b-b1b8-000efc400390}</UniqueIdentifier>
    </Filter>
    <Filter Include="view\iview">
      <UniqueIdentifier>{57363306-0d60-4edd-a831-6fa51d2645d2}</UniqueIdentifier>
    </Filter>
    <Filter Include="utilility">
      <UniqueIdentifier>{e12dd311-7972-46b2-8de8-7668394ed11f}</UniqueIdentifier>
    </Filter>
    <Filter Include="_doc">
      <UniqueIdentifier>{9ff42bf9-607e-4c71-84f9-f0e938db3c97}</UniqueIdentifier>
    </Filter>
    <Filter Include="object">
      <UniqueIdentifier>{ddb511e8-f866-429a-b33b-218b1dbc1a78}</UniqueIdentifier>
    </Filter>
    <Filter Include="texture">
      <UniqueIdentifier>{f81afb29-60a4-467a-8719-5f6941b57a74}</UniqueIdentifier>
    </Filter>
    <Filter Include="opengl">
      <UniqueIdentifier>{0287d935-f771-45c2-87e0-6fe20324b262}</UniqueIdentifier>
    </Filter>
  </ItemGroup>
  <ItemGroup>
    <None Include="..\source\_doc\todo.md">
      <Filter>_doc</Filter>
    </None>
  </ItemGroup>
</Project>