<?xml version="1.0" encoding="utf-8"?>
<Project ToolsVersion="4.0" xmlns="http://schemas.microsoft.com/developer/msbuild/2003">
  <ItemGroup>
    <ClCompile Include="wx_widget_opengl_meshs.cpp" />
    <ClCompile Include="..\pch.cpp" />
    <ClCompile Include="..\_util\source\wxutil\wx_opengl_canvas.cpp" />
  </ItemGroup>
  <ItemGroup>
    <ClInclude Include="..\pch.h" />
    <ClInclude Include="..\_util\include\wxutil\wx_opengl_canvas.h" />
    <ClInclude Include="..\_util\include\view\canvas_interface.h" />
    <ClInclude Include="..\_util\include\view\view_interface.h" />
    <ClInclude Include="..\_util\include\gl\gl_debug.h" />
    <ClInclude Include="..\_util\include\gl\gl_shader.h" />
  </ItemGroup>
</Project>