<?xml version="1.0" encoding="utf-8"?>
<Project ToolsVersion="4.0" xmlns="http://schemas.microsoft.com/developer/msbuild/2003">
  <ItemGroup>
    <Filter Include="library">
      <UniqueIdentifier>{018de81f-0404-4911-b1eb-f1517f123b9e}</UniqueIdentifier>
    </Filter>
    <Filter Include="render">
      <UniqueIdentifier>{3e2c9cf9-8f91-46e1-bc16-1650f82aa5a5}</UniqueIdentifier>
    </Filter>
    <Filter Include="OpenGL">
      <UniqueIdentifier>{54fbf904-ad15-48e5-bc91-5bc59637b27b}</UniqueIdentifier>
    </Filter>
    <Filter Include="OpenGL_source">
      <UniqueIdentifier>{3a9c0572-bee7-434d-a8b7-775da00096a2}</UniqueIdentifier>
    </Filter>
    <Filter Include="util">
      <UniqueIdentifier>{7c14b819-bcb9-47ff-bd74-397a7101fd3a}</UniqueIdentifier>
    </Filter>
  </ItemGroup>
  <ItemGroup>
    <ClInclude Include="stdafx.h">
      <Filter>library</Filter>
    </ClInclude>
    <ClInclude Include="targetver.h">
      <Filter>library</Filter>
    </ClInclude>
    <ClInclude Include="..\include\OpenGL\OpenGL_Matrix_Camera.h">
      <Filter>OpenGL</Filter>
    </ClInclude>
    <ClInclude Include="..\include\OpenGL\OpenGLFixedFunctionPipelineTypes.h">
      <Filter>OpenGL</Filter>
    </ClInclude>
    <ClInclude Include="..\include\OpenGL\OpenGLFramebuffer.h">
      <Filter>OpenGL</Filter>
    </ClInclude>
    <ClInclude Include="..\include\OpenGL\OpenGLVertexBuffer.h">
      <Filter>OpenGL</Filter>
    </ClInclude>
    <ClInclude Include="..\include\OpenGL\OpenGLVertexBuffer_2_0.h">
      <Filter>OpenGL</Filter>
    </ClInclude>
    <ClInclude Include="..\include\OpenGL\OpenGLVertexBufferCompatibility.h">
      <Filter>OpenGL</Filter>
    </ClInclude>
    <ClInclude Include="..\include\OpenGL\OpenGLBasicDraw.h">
      <Filter>OpenGL</Filter>
    </ClInclude>
    <ClInclude Include="..\include\OpenGL\OpenGLError.h">
      <Filter>OpenGL</Filter>
    </ClInclude>
    <ClInclude Include="..\include\util\RenderUtil_ObjLoader.h">
      <Filter>util</Filter>
    </ClInclude>
    <ClInclude Include="..\include\OpenGL\OpenGLTextureLoader.h">
      <Filter>OpenGL</Filter>
    </ClInclude>
    <ClInclude Include="..\include\util\RenderUtil_FreetypeFont.h">
      <Filter>util</Filter>
    </ClInclude>
    <ClInclude Include="..\include\render\Render_IBuffer.h">
      <Filter>render</Filter>
    </ClInclude>
    <ClInclude Include="..\include\render\Render_IDraw.h">
      <Filter>render</Filter>
    </ClInclude>
    <ClInclude Include="..\include\render\Render_IDrawType.h">
      <Filter>render</Filter>
    </ClInclude>
    <ClInclude Include="..\include\render\Render_IFont.h">
      <Filter>render</Filter>
    </ClInclude>
    <ClInclude Include="..\include\render\Render_IGraphicsDebug.h">
      <Filter>render</Filter>
    </ClInclude>
    <ClInclude Include="..\include\render\Render_ILight.h">
      <Filter>render</Filter>
    </ClInclude>
    <ClInclude Include="..\include\render\Render_IMesh.h">
      <Filter>render</Filter>
    </ClInclude>
    <ClInclude Include="..\include\render\Render_IProgram.h">
      <Filter>render</Filter>
    </ClInclude>
    <ClInclude Include="..\include\render\Render_IRender.h">
      <Filter>render</Filter>
    </ClInclude>
    <ClInclude Include="..\include\render\Render_IRenderPass.h">
      <Filter>render</Filter>
    </ClInclude>
    <ClInclude Include="..\include\render\Render_IResource.h">
      <Filter>render</Filter>
    </ClInclude>
    <ClInclude Include="..\include\render\Render_ITexture.h">
      <Filter>render</Filter>
    </ClInclude>
    <ClInclude Include="..\include\util\RenderUtil_MeshContainer.h">
      <Filter>util</Filter>
    </ClInclude>
    <ClInclude Include="..\include\OpenGL\OpenGLProgram.h">
      <Filter>OpenGL</Filter>
    </ClInclude>
    <ClInclude Include="..\include\OpenGL\OpenGL_SimpleShaderProgram_temp.h">
      <Filter>OpenGL</Filter>
    </ClInclude>
    <ClInclude Include="..\include\render\Render_IDataBuffer.h">
      <Filter>render</Filter>
    </ClInclude>
    <ClInclude Include="..\include\render\Render_IContext.h">
      <Filter>render</Filter>
    </ClInclude>
    <ClInclude Include="..\include\render\Render_IDrawLine.h">
      <Filter>render</Filter>
    </ClInclude>
    <ClInclude Include="..\include\OpenGL\OpenGLLine_1_0.h">
      <Filter>OpenGL</Filter>
    </ClInclude>
    <ClInclude Include="..\include\OpenGL\OpenGLLine_2_0.h">
      <Filter>OpenGL</Filter>
    </ClInclude>
    <ClInclude Include="..\include\OpenGL\OpenGLLine_4.h">
      <Filter>OpenGL</Filter>
    </ClInclude>
    <ClInclude Include="..\include\OpenGL\OpenGL_include.h">
      <Filter>OpenGL</Filter>
    </ClInclude>
    <ClInclude Include="..\include\OpenGL\OpenGL_enumconst.h">
      <Filter>OpenGL</Filter>
    </ClInclude>
  </ItemGroup>
  <ItemGroup>
    <ClCompile Include="stdafx.cpp">
      <Filter>library</Filter>
    </ClCompile>
    <ClCompile Include="..\source\util\RenderUtil_FreetypeFont.cpp">
      <Filter>util</Filter>
    </ClCompile>
    <ClCompile Include="..\source\util\RenderUtil_ObjLoader.cpp">
      <Filter>util</Filter>
    </ClCompile>
    <ClCompile Include="..\source\OpenGL\OpenGLBasicDraw.cpp">
      <Filter>OpenGL_source</Filter>
    </ClCompile>
    <ClCompile Include="..\source\OpenGL\OpenGLError.cpp">
      <Filter>OpenGL_source</Filter>
    </ClCompile>
    <ClCompile Include="..\source\OpenGL\OpenGLFramebuffer.cpp">
      <Filter>OpenGL_source</Filter>
    </ClCompile>
    <ClCompile Include="..\source\OpenGL\OpenGLTextureLoader.cpp">
      <Filter>OpenGL_source</Filter>
    </ClCompile>
    <ClCompile Include="..\source\OpenGL\OpenGLVertexBuffer.cpp">
      <Filter>OpenGL_source</Filter>
    </ClCompile>
    <ClCompile Include="..\source\OpenGL\OpenGLVertexBuffer_2_0.cpp">
      <Filter>OpenGL_source</Filter>
    </ClCompile>
    <ClCompile Include="..\source\OpenGL\OpenGLVertexBufferCompatibility.cpp">
      <Filter>OpenGL_source</Filter>
    </ClCompile>
    <ClCompile Include="..\source\render\Render_IProgram.cpp">
      <Filter>render</Filter>
    </ClCompile>
    <ClCompile Include="..\source\OpenGL\OpenGLProgram.cpp">
      <Filter>OpenGL_source</Filter>
    </ClCompile>
    <ClCompile Include="..\source\OpenGL\OpenGLLine_1_00.cpp">
      <Filter>OpenGL_source</Filter>
    </ClCompile>
    <ClCompile Include="..\source\OpenGL\OpenGLLine_2_00.cpp">
      <Filter>OpenGL_source</Filter>
    </ClCompile>
    <ClCompile Include="..\source\OpenGL\OpenGLLine_4.cpp">
      <Filter>OpenGL_source</Filter>
    </ClCompile>
  </ItemGroup>
</Project>